# This file is automatically @generated by Cargo.
# It is not intended for manual editing.
version = 4

[[package]]
name = "domains"
version = "0.1.0"
dependencies = [
 "simcore",
]

[[package]]
name = "simcore"
version = "0.1.0"

[[package]]
name = "station"
version = "0.1.0"
dependencies = [
 "domains",
 "simcore",
]
